
Microsoft Visual Studio Solution File, Format Version 12.00
# Visual Studio Version 16
VisualStudioVersion = 16.0.30804.86
MinimumVisualStudioVersion = 10.0.40219.1
Project("{FAE04EC0-301F-11D3-BF4B-00C04F79EFBC}") = "UnderstandingInheritanceApplication", "UnderstandingInheritanceApplication\UnderstandingInheritanceApplication.csproj", "{CA762A2C-BCA9-4011-9D30-C9F2F887B5F7}"
EndProject
Global
	GlobalSection(SolutionConfigurationPlatforms) = preSolution
		Debug|Any CPU = Debug|Any CPU
		Release|Any CPU = Release|Any CPU
	EndGlobalSection
	GlobalSection(ProjectConfigurationPlatforms) = postSolution
		{CA762A2C-BCA9-4011-9D30-C9F2F887B5F7}.Debug|Any CPU.ActiveCfg = Debug|Any CPU
		{CA762A2C-BCA9-4011-9D30-C9F2F887B5F7}.Debug|Any CPU.Build.0 = Debug|Any CPU
		{CA762A2C-BCA9-4011-9D30-C9F2F887B5F7}.Release|Any CPU.ActiveCfg = Release|Any CPU
		{CA762A2C-BCA9-4011-9D30-C9F2F887B5F7}.Release|Any CPU.Build.0 = Release|Any CPU
	EndGlobalSection
	GlobalSection(SolutionProperties) = preSolution
		HideSolutionNode = FALSE
	EndGlobalSection
	GlobalSection(ExtensibilityGlobals) = postSolution
		SolutionGuid = {F2D949FA-5557-400C-BBB3-1A8EFEB1AFED}
	EndGlobalSection
EndGlobal
