
Microsoft Visual Studio Solution File, Format Version 12.00
# Visual Studio Version 16
VisualStudioVersion = 16.0.30804.86
MinimumVisualStudioVersion = 10.0.40219.1
Project("{FAE04EC0-301F-11D3-BF4B-00C04F79EFBC}") = "Questions", "Questions\Questions.csproj", "{595F7C09-1722-44E3-8FF2-8A3020C6558A}"
EndProject
Global
	GlobalSection(SolutionConfigurationPlatforms) = preSolution
		Debug|Any CPU = Debug|Any CPU
		Release|Any CPU = Release|Any CPU
	EndGlobalSection
	GlobalSection(ProjectConfigurationPlatforms) = postSolution
		{595F7C09-1722-44E3-8FF2-8A3020C6558A}.Debug|Any CPU.ActiveCfg = Debug|Any CPU
		{595F7C09-1722-44E3-8FF2-8A3020C6558A}.Debug|Any CPU.Build.0 = Debug|Any CPU
		{595F7C09-1722-44E3-8FF2-8A3020C6558A}.Release|Any CPU.ActiveCfg = Release|Any CPU
		{595F7C09-1722-44E3-8FF2-8A3020C6558A}.Release|Any CPU.Build.0 = Release|Any CPU
	EndGlobalSection
	GlobalSection(SolutionProperties) = preSolution
		HideSolutionNode = FALSE
	EndGlobalSection
	GlobalSection(ExtensibilityGlobals) = postSolution
		SolutionGuid = {29052F49-DF9A-46C3-94D7-45A7096E4116}
	EndGlobalSection
EndGlobal
