
Microsoft Visual Studio Solution File, Format Version 12.00
# Visual Studio Version 16
VisualStudioVersion = 16.0.30804.86
MinimumVisualStudioVersion = 10.0.40219.1
Project("{FAE04EC0-301F-11D3-BF4B-00C04F79EFBC}") = "UnderstandingADOApplication", "UnderstandingADOApplication\UnderstandingADOApplication.csproj", "{3C5CF562-F913-468B-A103-709D218F4B06}"
EndProject
Project("{FAE04EC0-301F-11D3-BF4B-00C04F79EFBC}") = "EntityFrameworkTestApp", "EntityFrameworkTestApp\EntityFrameworkTestApp.csproj", "{34FA0E5B-FED3-41BE-A6DE-568C1DCF06A3}"
EndProject
Global
	GlobalSection(SolutionConfigurationPlatforms) = preSolution
		Debug|Any CPU = Debug|Any CPU
		Release|Any CPU = Release|Any CPU
	EndGlobalSection
	GlobalSection(ProjectConfigurationPlatforms) = postSolution
		{3C5CF562-F913-468B-A103-709D218F4B06}.Debug|Any CPU.ActiveCfg = Debug|Any CPU
		{3C5CF562-F913-468B-A103-709D218F4B06}.Debug|Any CPU.Build.0 = Debug|Any CPU
		{3C5CF562-F913-468B-A103-709D218F4B06}.Release|Any CPU.ActiveCfg = Release|Any CPU
		{3C5CF562-F913-468B-A103-709D218F4B06}.Release|Any CPU.Build.0 = Release|Any CPU
		{34FA0E5B-FED3-41BE-A6DE-568C1DCF06A3}.Debug|Any CPU.ActiveCfg = Debug|Any CPU
		{34FA0E5B-FED3-41BE-A6DE-568C1DCF06A3}.Debug|Any CPU.Build.0 = Debug|Any CPU
		{34FA0E5B-FED3-41BE-A6DE-568C1DCF06A3}.Release|Any CPU.ActiveCfg = Release|Any CPU
		{34FA0E5B-FED3-41BE-A6DE-568C1DCF06A3}.Release|Any CPU.Build.0 = Release|Any CPU
	EndGlobalSection
	GlobalSection(SolutionProperties) = preSolution
		HideSolutionNode = FALSE
	EndGlobalSection
	GlobalSection(ExtensibilityGlobals) = postSolution
		SolutionGuid = {600F45EC-CC84-4F31-8F95-7BBD929194F9}
	EndGlobalSection
EndGlobal
