
Microsoft Visual Studio Solution File, Format Version 12.00
# Visual Studio Version 16
VisualStudioVersion = 16.0.30804.86
MinimumVisualStudioVersion = 10.0.40219.1
Project("{FAE04EC0-301F-11D3-BF4B-00C04F79EFBC}") = "UsingTemplate", "UsingTemplate\UsingTemplate.csproj", "{FDE29094-8CCE-4589-9531-A098EDA390D2}"
EndProject
Global
	GlobalSection(SolutionConfigurationPlatforms) = preSolution
		Debug|Any CPU = Debug|Any CPU
		Release|Any CPU = Release|Any CPU
	EndGlobalSection
	GlobalSection(ProjectConfigurationPlatforms) = postSolution
		{FDE29094-8CCE-4589-9531-A098EDA390D2}.Debug|Any CPU.ActiveCfg = Debug|Any CPU
		{FDE29094-8CCE-4589-9531-A098EDA390D2}.Debug|Any CPU.Build.0 = Debug|Any CPU
		{FDE29094-8CCE-4589-9531-A098EDA390D2}.Release|Any CPU.ActiveCfg = Release|Any CPU
		{FDE29094-8CCE-4589-9531-A098EDA390D2}.Release|Any CPU.Build.0 = Release|Any CPU
	EndGlobalSection
	GlobalSection(SolutionProperties) = preSolution
		HideSolutionNode = FALSE
	EndGlobalSection
	GlobalSection(ExtensibilityGlobals) = postSolution
		SolutionGuid = {A3D3F305-7FE3-476C-9325-F4DB09F369D0}
	EndGlobalSection
EndGlobal
