
Microsoft Visual Studio Solution File, Format Version 12.00
# Visual Studio Version 16
VisualStudioVersion = 16.0.30804.86
MinimumVisualStudioVersion = 10.0.40219.1
Project("{FAE04EC0-301F-11D3-BF4B-00C04F79EFBC}") = "CustomerApplication", "CustomerApplication\CustomerApplication.csproj", "{391D7F2B-6F4F-4D66-A740-846523B9800C}"
EndProject
Global
	GlobalSection(SolutionConfigurationPlatforms) = preSolution
		Debug|Any CPU = Debug|Any CPU
		Release|Any CPU = Release|Any CPU
	EndGlobalSection
	GlobalSection(ProjectConfigurationPlatforms) = postSolution
		{391D7F2B-6F4F-4D66-A740-846523B9800C}.Debug|Any CPU.ActiveCfg = Debug|Any CPU
		{391D7F2B-6F4F-4D66-A740-846523B9800C}.Debug|Any CPU.Build.0 = Debug|Any CPU
		{391D7F2B-6F4F-4D66-A740-846523B9800C}.Release|Any CPU.ActiveCfg = Release|Any CPU
		{391D7F2B-6F4F-4D66-A740-846523B9800C}.Release|Any CPU.Build.0 = Release|Any CPU
	EndGlobalSection
	GlobalSection(SolutionProperties) = preSolution
		HideSolutionNode = FALSE
	EndGlobalSection
	GlobalSection(ExtensibilityGlobals) = postSolution
		SolutionGuid = {AE7A763A-E8EC-4948-B783-F5959F8E07ED}
	EndGlobalSection
EndGlobal
