
Microsoft Visual Studio Solution File, Format Version 12.00
# Visual Studio Version 16
VisualStudioVersion = 16.0.30804.86
MinimumVisualStudioVersion = 10.0.40219.1
Project("{FAE04EC0-301F-11D3-BF4B-00C04F79EFBC}") = "UnderstandingArraysApplication", "UnderstandingArraysApplication\UnderstandingArraysApplication.csproj", "{4C5CDAFF-D84C-42F7-82EB-5753FB4A5EAF}"
EndProject
Global
	GlobalSection(SolutionConfigurationPlatforms) = preSolution
		Debug|Any CPU = Debug|Any CPU
		Release|Any CPU = Release|Any CPU
	EndGlobalSection
	GlobalSection(ProjectConfigurationPlatforms) = postSolution
		{4C5CDAFF-D84C-42F7-82EB-5753FB4A5EAF}.Debug|Any CPU.ActiveCfg = Debug|Any CPU
		{4C5CDAFF-D84C-42F7-82EB-5753FB4A5EAF}.Debug|Any CPU.Build.0 = Debug|Any CPU
		{4C5CDAFF-D84C-42F7-82EB-5753FB4A5EAF}.Release|Any CPU.ActiveCfg = Release|Any CPU
		{4C5CDAFF-D84C-42F7-82EB-5753FB4A5EAF}.Release|Any CPU.Build.0 = Release|Any CPU
	EndGlobalSection
	GlobalSection(SolutionProperties) = preSolution
		HideSolutionNode = FALSE
	EndGlobalSection
	GlobalSection(ExtensibilityGlobals) = postSolution
		SolutionGuid = {268C7D31-4511-49BB-B8D9-DAFA1FA9C352}
	EndGlobalSection
EndGlobal
