
Microsoft Visual Studio Solution File, Format Version 12.00
# Visual Studio Version 16
VisualStudioVersion = 16.0.30804.86
MinimumVisualStudioVersion = 10.0.40219.1
Project("{FAE04EC0-301F-11D3-BF4B-00C04F79EFBC}") = "PizzaFEConsoleApp", "PizzaFEConsoleApp\PizzaFEConsoleApp.csproj", "{6DAD1941-377B-4019-A19E-B77B4322602A}"
EndProject
Project("{FAE04EC0-301F-11D3-BF4B-00C04F79EFBC}") = "PizzaModelsLibrary", "PizzaModelsLibrary\PizzaModelsLibrary.csproj", "{0C34AA9B-A79D-4C64-8DF6-CE88486077B2}"
EndProject
Project("{FAE04EC0-301F-11D3-BF4B-00C04F79EFBC}") = "PizzaDALLibrary", "PizzaDALLibrary\PizzaDALLibrary.csproj", "{17345B23-DE11-4557-89B7-69C61D5B4738}"
EndProject
Project("{FAE04EC0-301F-11D3-BF4B-00C04F79EFBC}") = "PizzaDALEFLibrary", "PizzaDALEFLibrary\PizzaDALEFLibrary.csproj", "{24035965-9217-4E90-8A33-5094E9C31D4C}"
EndProject
Global
	GlobalSection(SolutionConfigurationPlatforms) = preSolution
		Debug|Any CPU = Debug|Any CPU
		Release|Any CPU = Release|Any CPU
	EndGlobalSection
	GlobalSection(ProjectConfigurationPlatforms) = postSolution
		{6DAD1941-377B-4019-A19E-B77B4322602A}.Debug|Any CPU.ActiveCfg = Debug|Any CPU
		{6DAD1941-377B-4019-A19E-B77B4322602A}.Debug|Any CPU.Build.0 = Debug|Any CPU
		{6DAD1941-377B-4019-A19E-B77B4322602A}.Release|Any CPU.ActiveCfg = Release|Any CPU
		{6DAD1941-377B-4019-A19E-B77B4322602A}.Release|Any CPU.Build.0 = Release|Any CPU
		{0C34AA9B-A79D-4C64-8DF6-CE88486077B2}.Debug|Any CPU.ActiveCfg = Debug|Any CPU
		{0C34AA9B-A79D-4C64-8DF6-CE88486077B2}.Debug|Any CPU.Build.0 = Debug|Any CPU
		{0C34AA9B-A79D-4C64-8DF6-CE88486077B2}.Release|Any CPU.ActiveCfg = Release|Any CPU
		{0C34AA9B-A79D-4C64-8DF6-CE88486077B2}.Release|Any CPU.Build.0 = Release|Any CPU
		{17345B23-DE11-4557-89B7-69C61D5B4738}.Debug|Any CPU.ActiveCfg = Debug|Any CPU
		{17345B23-DE11-4557-89B7-69C61D5B4738}.Debug|Any CPU.Build.0 = Debug|Any CPU
		{17345B23-DE11-4557-89B7-69C61D5B4738}.Release|Any CPU.ActiveCfg = Release|Any CPU
		{17345B23-DE11-4557-89B7-69C61D5B4738}.Release|Any CPU.Build.0 = Release|Any CPU
		{24035965-9217-4E90-8A33-5094E9C31D4C}.Debug|Any CPU.ActiveCfg = Debug|Any CPU
		{24035965-9217-4E90-8A33-5094E9C31D4C}.Debug|Any CPU.Build.0 = Debug|Any CPU
		{24035965-9217-4E90-8A33-5094E9C31D4C}.Release|Any CPU.ActiveCfg = Release|Any CPU
		{24035965-9217-4E90-8A33-5094E9C31D4C}.Release|Any CPU.Build.0 = Release|Any CPU
	EndGlobalSection
	GlobalSection(SolutionProperties) = preSolution
		HideSolutionNode = FALSE
	EndGlobalSection
	GlobalSection(ExtensibilityGlobals) = postSolution
		SolutionGuid = {5D89A4A2-A9D3-4F6B-907D-0FE86DE6A428}
	EndGlobalSection
EndGlobal
