
Microsoft Visual Studio Solution File, Format Version 12.00
# Visual Studio Version 16
VisualStudioVersion = 16.0.30804.86
MinimumVisualStudioVersion = 10.0.40219.1
Project("{FAE04EC0-301F-11D3-BF4B-00C04F79EFBC}") = "TestWebApplication1", "TestWebApplication1\TestWebApplication1.csproj", "{D25B217D-B8A4-480D-806B-44FD418721EF}"
EndProject
Global
	GlobalSection(SolutionConfigurationPlatforms) = preSolution
		Debug|Any CPU = Debug|Any CPU
		Release|Any CPU = Release|Any CPU
	EndGlobalSection
	GlobalSection(ProjectConfigurationPlatforms) = postSolution
		{D25B217D-B8A4-480D-806B-44FD418721EF}.Debug|Any CPU.ActiveCfg = Debug|Any CPU
		{D25B217D-B8A4-480D-806B-44FD418721EF}.Debug|Any CPU.Build.0 = Debug|Any CPU
		{D25B217D-B8A4-480D-806B-44FD418721EF}.Release|Any CPU.ActiveCfg = Release|Any CPU
		{D25B217D-B8A4-480D-806B-44FD418721EF}.Release|Any CPU.Build.0 = Release|Any CPU
	EndGlobalSection
	GlobalSection(SolutionProperties) = preSolution
		HideSolutionNode = FALSE
	EndGlobalSection
	GlobalSection(ExtensibilityGlobals) = postSolution
		SolutionGuid = {1C06838E-CDD9-4A25-8E2F-03DDC4B8C4F9}
	EndGlobalSection
EndGlobal
